
Microsoft Visual Studio Solution File, Format Version 12.00
# Visual Studio Version 17
VisualStudioVersion = 17.5.33516.290
MinimumVisualStudioVersion = 10.0.40219.1
Project("{FAE04EC0-301F-11D3-BF4B-00C04F79EFBC}") = "MeetupAPI.Presentation", "Meetup.Presentation\MeetupAPI.Presentation.csproj", "{7D846F5E-1506-4300-AC94-86FFC916579E}"
EndProject
Project("{FAE04EC0-301F-11D3-BF4B-00C04F79EFBC}") = "MeetupAPI.Domain", "Meetup.Domain\MeetupAPI.Domain.csproj", "{5E6BE572-B315-4C7E-BE6E-35F83DAD36F6}"
EndProject
Project("{FAE04EC0-301F-11D3-BF4B-00C04F79EFBC}") = "MeetupAPI.Application", "Meetup.Application\MeetupAPI.Application.csproj", "{70D1D6CC-5B0E-4B9A-8F23-592CBCC6C75A}"
EndProject
Project("{FAE04EC0-301F-11D3-BF4B-00C04F79EFBC}") = "MeetupAPI.Infrastructure", "Meetup.Infrastructure\MeetupAPI.Infrastructure.csproj", "{C2742C68-3876-4E4E-BD4F-827594D7E68E}"
EndProject
Global
	GlobalSection(SolutionConfigurationPlatforms) = preSolution
		Debug|Any CPU = Debug|Any CPU
		Release|Any CPU = Release|Any CPU
	EndGlobalSection
	GlobalSection(ProjectConfigurationPlatforms) = postSolution
		{7D846F5E-1506-4300-AC94-86FFC916579E}.Debug|Any CPU.ActiveCfg = Debug|Any CPU
		{7D846F5E-1506-4300-AC94-86FFC916579E}.Debug|Any CPU.Build.0 = Debug|Any CPU
		{7D846F5E-1506-4300-AC94-86FFC916579E}.Release|Any CPU.ActiveCfg = Release|Any CPU
		{7D846F5E-1506-4300-AC94-86FFC916579E}.Release|Any CPU.Build.0 = Release|Any CPU
		{5E6BE572-B315-4C7E-BE6E-35F83DAD36F6}.Debug|Any CPU.ActiveCfg = Debug|Any CPU
		{5E6BE572-B315-4C7E-BE6E-35F83DAD36F6}.Debug|Any CPU.Build.0 = Debug|Any CPU
		{5E6BE572-B315-4C7E-BE6E-35F83DAD36F6}.Release|Any CPU.ActiveCfg = Release|Any CPU
		{5E6BE572-B315-4C7E-BE6E-35F83DAD36F6}.Release|Any CPU.Build.0 = Release|Any CPU
		{70D1D6CC-5B0E-4B9A-8F23-592CBCC6C75A}.Debug|Any CPU.ActiveCfg = Debug|Any CPU
		{70D1D6CC-5B0E-4B9A-8F23-592CBCC6C75A}.Debug|Any CPU.Build.0 = Debug|Any CPU
		{70D1D6CC-5B0E-4B9A-8F23-592CBCC6C75A}.Release|Any CPU.ActiveCfg = Release|Any CPU
		{70D1D6CC-5B0E-4B9A-8F23-592CBCC6C75A}.Release|Any CPU.Build.0 = Release|Any CPU
		{C2742C68-3876-4E4E-BD4F-827594D7E68E}.Debug|Any CPU.ActiveCfg = Debug|Any CPU
		{C2742C68-3876-4E4E-BD4F-827594D7E68E}.Debug|Any CPU.Build.0 = Debug|Any CPU
		{C2742C68-3876-4E4E-BD4F-827594D7E68E}.Release|Any CPU.ActiveCfg = Release|Any CPU
		{C2742C68-3876-4E4E-BD4F-827594D7E68E}.Release|Any CPU.Build.0 = Release|Any CPU
	EndGlobalSection
	GlobalSection(SolutionProperties) = preSolution
		HideSolutionNode = FALSE
	EndGlobalSection
	GlobalSection(ExtensibilityGlobals) = postSolution
		SolutionGuid = {BECEFD5E-705D-4379-8A71-67CB03E5E2DA}
	EndGlobalSection
EndGlobal
